
Microsoft Visual Studio Solution File, Format Version 12.00
# Visual Studio Version 17
VisualStudioVersion = 17.0.31903.59
MinimumVisualStudioVersion = 10.0.40219.1
Project("{FAE04EC0-301F-11D3-BF4B-00C04F79EFBC}") = "WebAPI", "5_WebAPI\WebAPI.csproj", "{E900B6BB-E8EE-436C-8D41-AC69A717BB60}"
EndProject
Project("{FAE04EC0-301F-11D3-BF4B-00C04F79EFBC}") = "Infrastructure", "3_Infrastructure\Infrastructure.csproj", "{4530E291-4ED7-44D4-8117-7A95B58B5D63}"
EndProject
Project("{FAE04EC0-301F-11D3-BF4B-00C04F79EFBC}") = "Domain", "2_Domain\Domain.csproj", "{2608F2BB-BDA1-475B-BDF0-831AFB1C00E1}"
EndProject
Project("{FAE04EC0-301F-11D3-BF4B-00C04F79EFBC}") = "GraphQL", "4_GraphQL\GraphQL.csproj", "{DF7CD84A-C617-4624-8C21-C29141C14F86}"
EndProject
Project("{FAE04EC0-301F-11D3-BF4B-00C04F79EFBC}") = "AppHost", "AppHost\AppHost.csproj", "{20EAAE77-F4F4-4363-AC3B-3A2A4BE18041}"
EndProject
Project("{FAE04EC0-301F-11D3-BF4B-00C04F79EFBC}") = "ServiceDefaults", "ServiceDefaults\ServiceDefaults.csproj", "{31DE17AF-8762-4930-B286-41DC8620373F}"
EndProject
Project("{FAE04EC0-301F-11D3-BF4B-00C04F79EFBC}") = "EventDriven", "6_EventDriven\EventDriven.csproj", "{2C07E713-482C-474B-BD58-BD7F2335B022}"
EndProject
Global
	GlobalSection(SolutionConfigurationPlatforms) = preSolution
		Debug|Any CPU = Debug|Any CPU
		Debug|x64 = Debug|x64
		Debug|x86 = Debug|x86
		Release|Any CPU = Release|Any CPU
		Release|x64 = Release|x64
		Release|x86 = Release|x86
	EndGlobalSection
	GlobalSection(ProjectConfigurationPlatforms) = postSolution
		{E900B6BB-E8EE-436C-8D41-AC69A717BB60}.Debug|Any CPU.ActiveCfg = Debug|Any CPU
		{E900B6BB-E8EE-436C-8D41-AC69A717BB60}.Debug|Any CPU.Build.0 = Debug|Any CPU
		{E900B6BB-E8EE-436C-8D41-AC69A717BB60}.Debug|x64.ActiveCfg = Debug|Any CPU
		{E900B6BB-E8EE-436C-8D41-AC69A717BB60}.Debug|x64.Build.0 = Debug|Any CPU
		{E900B6BB-E8EE-436C-8D41-AC69A717BB60}.Debug|x86.ActiveCfg = Debug|Any CPU
		{E900B6BB-E8EE-436C-8D41-AC69A717BB60}.Debug|x86.Build.0 = Debug|Any CPU
		{E900B6BB-E8EE-436C-8D41-AC69A717BB60}.Release|Any CPU.ActiveCfg = Release|Any CPU
		{E900B6BB-E8EE-436C-8D41-AC69A717BB60}.Release|Any CPU.Build.0 = Release|Any CPU
		{E900B6BB-E8EE-436C-8D41-AC69A717BB60}.Release|x64.ActiveCfg = Release|Any CPU
		{E900B6BB-E8EE-436C-8D41-AC69A717BB60}.Release|x64.Build.0 = Release|Any CPU
		{E900B6BB-E8EE-436C-8D41-AC69A717BB60}.Release|x86.ActiveCfg = Release|Any CPU
		{E900B6BB-E8EE-436C-8D41-AC69A717BB60}.Release|x86.Build.0 = Release|Any CPU
		{4530E291-4ED7-44D4-8117-7A95B58B5D63}.Debug|Any CPU.ActiveCfg = Debug|Any CPU
		{4530E291-4ED7-44D4-8117-7A95B58B5D63}.Debug|Any CPU.Build.0 = Debug|Any CPU
		{4530E291-4ED7-44D4-8117-7A95B58B5D63}.Debug|x64.ActiveCfg = Debug|Any CPU
		{4530E291-4ED7-44D4-8117-7A95B58B5D63}.Debug|x64.Build.0 = Debug|Any CPU
		{4530E291-4ED7-44D4-8117-7A95B58B5D63}.Debug|x86.ActiveCfg = Debug|Any CPU
		{4530E291-4ED7-44D4-8117-7A95B58B5D63}.Debug|x86.Build.0 = Debug|Any CPU
		{4530E291-4ED7-44D4-8117-7A95B58B5D63}.Release|Any CPU.ActiveCfg = Release|Any CPU
		{4530E291-4ED7-44D4-8117-7A95B58B5D63}.Release|Any CPU.Build.0 = Release|Any CPU
		{4530E291-4ED7-44D4-8117-7A95B58B5D63}.Release|x64.ActiveCfg = Release|Any CPU
		{4530E291-4ED7-44D4-8117-7A95B58B5D63}.Release|x64.Build.0 = Release|Any CPU
		{4530E291-4ED7-44D4-8117-7A95B58B5D63}.Release|x86.ActiveCfg = Release|Any CPU
		{4530E291-4ED7-44D4-8117-7A95B58B5D63}.Release|x86.Build.0 = Release|Any CPU
		{2608F2BB-BDA1-475B-BDF0-831AFB1C00E1}.Debug|Any CPU.ActiveCfg = Debug|Any CPU
		{2608F2BB-BDA1-475B-BDF0-831AFB1C00E1}.Debug|Any CPU.Build.0 = Debug|Any CPU
		{2608F2BB-BDA1-475B-BDF0-831AFB1C00E1}.Debug|x64.ActiveCfg = Debug|Any CPU
		{2608F2BB-BDA1-475B-BDF0-831AFB1C00E1}.Debug|x64.Build.0 = Debug|Any CPU
		{2608F2BB-BDA1-475B-BDF0-831AFB1C00E1}.Debug|x86.ActiveCfg = Debug|Any CPU
		{2608F2BB-BDA1-475B-BDF0-831AFB1C00E1}.Debug|x86.Build.0 = Debug|Any CPU
		{2608F2BB-BDA1-475B-BDF0-831AFB1C00E1}.Release|Any CPU.ActiveCfg = Release|Any CPU
		{2608F2BB-BDA1-475B-BDF0-831AFB1C00E1}.Release|Any CPU.Build.0 = Release|Any CPU
		{2608F2BB-BDA1-475B-BDF0-831AFB1C00E1}.Release|x64.ActiveCfg = Release|Any CPU
		{2608F2BB-BDA1-475B-BDF0-831AFB1C00E1}.Release|x64.Build.0 = Release|Any CPU
		{2608F2BB-BDA1-475B-BDF0-831AFB1C00E1}.Release|x86.ActiveCfg = Release|Any CPU
		{2608F2BB-BDA1-475B-BDF0-831AFB1C00E1}.Release|x86.Build.0 = Release|Any CPU
		{DF7CD84A-C617-4624-8C21-C29141C14F86}.Debug|Any CPU.ActiveCfg = Debug|Any CPU
		{DF7CD84A-C617-4624-8C21-C29141C14F86}.Debug|Any CPU.Build.0 = Debug|Any CPU
		{DF7CD84A-C617-4624-8C21-C29141C14F86}.Debug|x64.ActiveCfg = Debug|Any CPU
		{DF7CD84A-C617-4624-8C21-C29141C14F86}.Debug|x64.Build.0 = Debug|Any CPU
		{DF7CD84A-C617-4624-8C21-C29141C14F86}.Debug|x86.ActiveCfg = Debug|Any CPU
		{DF7CD84A-C617-4624-8C21-C29141C14F86}.Debug|x86.Build.0 = Debug|Any CPU
		{DF7CD84A-C617-4624-8C21-C29141C14F86}.Release|Any CPU.ActiveCfg = Release|Any CPU
		{DF7CD84A-C617-4624-8C21-C29141C14F86}.Release|Any CPU.Build.0 = Release|Any CPU
		{DF7CD84A-C617-4624-8C21-C29141C14F86}.Release|x64.ActiveCfg = Release|Any CPU
		{DF7CD84A-C617-4624-8C21-C29141C14F86}.Release|x64.Build.0 = Release|Any CPU
		{DF7CD84A-C617-4624-8C21-C29141C14F86}.Release|x86.ActiveCfg = Release|Any CPU
		{DF7CD84A-C617-4624-8C21-C29141C14F86}.Release|x86.Build.0 = Release|Any CPU
		{20EAAE77-F4F4-4363-AC3B-3A2A4BE18041}.Debug|Any CPU.ActiveCfg = Debug|Any CPU
		{20EAAE77-F4F4-4363-AC3B-3A2A4BE18041}.Debug|Any CPU.Build.0 = Debug|Any CPU
		{20EAAE77-F4F4-4363-AC3B-3A2A4BE18041}.Debug|x64.ActiveCfg = Debug|Any CPU
		{20EAAE77-F4F4-4363-AC3B-3A2A4BE18041}.Debug|x64.Build.0 = Debug|Any CPU
		{20EAAE77-F4F4-4363-AC3B-3A2A4BE18041}.Debug|x86.ActiveCfg = Debug|Any CPU
		{20EAAE77-F4F4-4363-AC3B-3A2A4BE18041}.Debug|x86.Build.0 = Debug|Any CPU
		{20EAAE77-F4F4-4363-AC3B-3A2A4BE18041}.Release|Any CPU.ActiveCfg = Release|Any CPU
		{20EAAE77-F4F4-4363-AC3B-3A2A4BE18041}.Release|Any CPU.Build.0 = Release|Any CPU
		{20EAAE77-F4F4-4363-AC3B-3A2A4BE18041}.Release|x64.ActiveCfg = Release|Any CPU
		{20EAAE77-F4F4-4363-AC3B-3A2A4BE18041}.Release|x64.Build.0 = Release|Any CPU
		{20EAAE77-F4F4-4363-AC3B-3A2A4BE18041}.Release|x86.ActiveCfg = Release|Any CPU
		{20EAAE77-F4F4-4363-AC3B-3A2A4BE18041}.Release|x86.Build.0 = Release|Any CPU
		{31DE17AF-8762-4930-B286-41DC8620373F}.Debug|Any CPU.ActiveCfg = Debug|Any CPU
		{31DE17AF-8762-4930-B286-41DC8620373F}.Debug|Any CPU.Build.0 = Debug|Any CPU
		{31DE17AF-8762-4930-B286-41DC8620373F}.Debug|x64.ActiveCfg = Debug|Any CPU
		{31DE17AF-8762-4930-B286-41DC8620373F}.Debug|x64.Build.0 = Debug|Any CPU
		{31DE17AF-8762-4930-B286-41DC8620373F}.Debug|x86.ActiveCfg = Debug|Any CPU
		{31DE17AF-8762-4930-B286-41DC8620373F}.Debug|x86.Build.0 = Debug|Any CPU
		{31DE17AF-8762-4930-B286-41DC8620373F}.Release|Any CPU.ActiveCfg = Release|Any CPU
		{31DE17AF-8762-4930-B286-41DC8620373F}.Release|Any CPU.Build.0 = Release|Any CPU
		{31DE17AF-8762-4930-B286-41DC8620373F}.Release|x64.ActiveCfg = Release|Any CPU
		{31DE17AF-8762-4930-B286-41DC8620373F}.Release|x64.Build.0 = Release|Any CPU
		{31DE17AF-8762-4930-B286-41DC8620373F}.Release|x86.ActiveCfg = Release|Any CPU
		{31DE17AF-8762-4930-B286-41DC8620373F}.Release|x86.Build.0 = Release|Any CPU
		{2C07E713-482C-474B-BD58-BD7F2335B022}.Debug|Any CPU.ActiveCfg = Debug|Any CPU
		{2C07E713-482C-474B-BD58-BD7F2335B022}.Debug|Any CPU.Build.0 = Debug|Any CPU
		{2C07E713-482C-474B-BD58-BD7F2335B022}.Debug|x64.ActiveCfg = Debug|Any CPU
		{2C07E713-482C-474B-BD58-BD7F2335B022}.Debug|x64.Build.0 = Debug|Any CPU
		{2C07E713-482C-474B-BD58-BD7F2335B022}.Debug|x86.ActiveCfg = Debug|Any CPU
		{2C07E713-482C-474B-BD58-BD7F2335B022}.Debug|x86.Build.0 = Debug|Any CPU
		{2C07E713-482C-474B-BD58-BD7F2335B022}.Release|Any CPU.ActiveCfg = Release|Any CPU
		{2C07E713-482C-474B-BD58-BD7F2335B022}.Release|Any CPU.Build.0 = Release|Any CPU
		{2C07E713-482C-474B-BD58-BD7F2335B022}.Release|x64.ActiveCfg = Release|Any CPU
		{2C07E713-482C-474B-BD58-BD7F2335B022}.Release|x64.Build.0 = Release|Any CPU
		{2C07E713-482C-474B-BD58-BD7F2335B022}.Release|x86.ActiveCfg = Release|Any CPU
		{2C07E713-482C-474B-BD58-BD7F2335B022}.Release|x86.Build.0 = Release|Any CPU
	EndGlobalSection
	GlobalSection(SolutionProperties) = preSolution
		HideSolutionNode = FALSE
	EndGlobalSection
	GlobalSection(ExtensibilityGlobals) = postSolution
		SolutionGuid = {82295FDB-7978-484E-B214-881B100DAD3D}
	EndGlobalSection
EndGlobal
